// !$*UTF8*$!
{
	archiveVersion = 1;
	classes = {
	};
	objectVersion = 50;
	objects = {

/* Begin PBXBuildFile section */
		F65D5DD52516E7A4001FBDB7 /* AppDelegate.swift in Sources */ = {isa = PBXBuildFile; fileRef = F65D5DD42516E7A4001FBDB7 /* AppDelegate.swift */; };
		F65D5DD72516E7A4001FBDB7 /* SceneDelegate.swift in Sources */ = {isa = PBXBuildFile; fileRef = F65D5DD62516E7A4001FBDB7 /* SceneDelegate.swift */; };
		F65D5DD92516E7A4001FBDB7 /* ViewController.swift in Sources */ = {isa = PBXBuildFile; fileRef = F65D5DD82516E7A4001FBDB7 /* ViewController.swift */; };
		F65D5DDC2516E7A4001FBDB7 /* Main.storyboard in Resources */ = {isa = PBXBuildFile; fileRef = F65D5DDA2516E7A4001FBDB7 /* Main.storyboard */; };
		F65D5DDE2516E7A7001FBDB7 /* Assets.xcassets in Resources */ = {isa = PBXBuildFile; fileRef = F65D5DDD2516E7A7001FBDB7 /* Assets.xcassets */; };
		F65D5DE12516E7A7001FBDB7 /* LaunchScreen.storyboard in Resources */ = {isa = PBXBuildFile; fileRef = F65D5DDF2516E7A7001FBDB7 /* LaunchScreen.storyboard */; };
		F65D5DEC2516E7A7001FBDB7 /* MenterBookTests.swift in Sources */ = {isa = PBXBuildFile; fileRef = F65D5DEB2516E7A7001FBDB7 /* MenterBookTests.swift */; };
		F65D5DF72516E7A7001FBDB7 /* MenterBookUITests.swift in Sources */ = {isa = PBXBuildFile; fileRef = F65D5DF62516E7A7001FBDB7 /* MenterBookUITests.swift */; };
/* End PBXBuildFile section */

/* Begin PBXContainerItemProxy section */
		F65D5DE82516E7A7001FBDB7 /* PBXContainerItemProxy */ = {
			isa = PBXContainerItemProxy;
			containerPortal = F65D5DC92516E7A4001FBDB7 /* Project object */;
			proxyType = 1;
			remoteGlobalIDString = F65D5DD02516E7A4001FBDB7;
			remoteInfo = MenterBook;
		};
		F65D5DF32516E7A7001FBDB7 /* PBXContainerItemProxy */ = {
			isa = PBXContainerItemProxy;
			containerPortal = F65D5DC92516E7A4001FBDB7 /* Project object */;
			proxyType = 1;
			remoteGlobalIDString = F65D5DD02516E7A4001FBDB7;
			remoteInfo = MenterBook;
		};
/* End PBXContainerItemProxy section */

/* Begin PBXFileReference section */
		F65D5DD12516E7A4001FBDB7 /* MenterBook.app */ = {isa = PBXFileReference; explicitFileType = wrapper.application; includeInIndex = 0; path = MenterBook.app; sourceTree = BUILT_PRODUCTS_DIR; };
		F65D5DD42516E7A4001FBDB7 /* AppDelegate.swift */ = {isa = PBXFileReference; lastKnownFileType = sourcecode.swift; path = AppDelegate.swift; sourceTree = "<group>"; };
		F65D5DD62516E7A4001FBDB7 /* SceneDelegate.swift */ = {isa = PBXFileReference; lastKnownFileType = sourcecode.swift; path = SceneDelegate.swift; sourceTree = "<group>"; };
		F65D5DD82516E7A4001FBDB7 /* ViewController.swift */ = {isa = PBXFileReference; lastKnownFileType = sourcecode.swift; path = ViewController.swift; sourceTree = "<group>"; };
		F65D5DDB2516E7A4001FBDB7 /* Base */ = {isa = PBXFileReference; lastKnownFileType = file.storyboard; name = Base; path = Base.lproj/Main.storyboard; sourceTree = "<group>"; };
		F65D5DDD2516E7A7001FBDB7 /* Assets.xcassets */ = {isa = PBXFileReference; lastKnownFileType = folder.assetcatalog; path = Assets.xcassets; sourceTree = "<group>"; };
		F65D5DE02516E7A7001FBDB7 /* Base */ = {isa = PBXFileReference; lastKnownFileType = file.storyboard; name = Base; path = Base.lproj/LaunchScreen.storyboard; sourceTree = "<group>"; };
		F65D5DE22516E7A7001FBDB7 /* Info.plist */ = {isa = PBXFileReference; lastKnownFileType = text.plist.xml; path = Info.plist; sourceTree = "<group>"; };
		F65D5DE72516E7A7001FBDB7 /* MenterBookTests.xctest */ = {isa = PBXFileReference; explicitFileType = wrapper.cfbundle; includeInIndex = 0; path = MenterBookTests.xctest; sourceTree = BUILT_PRODUCTS_DIR; };
		F65D5DEB2516E7A7001FBDB7 /* MenterBookTests.swift */ = {isa = PBXFileReference; lastKnownFileType = sourcecode.swift; path = MenterBookTests.swift; sourceTree = "<group>"; };
		F65D5DED2516E7A7001FBDB7 /* Info.plist */ = {isa = PBXFileReference; lastKnownFileType = text.plist.xml; path = Info.plist; sourceTree = "<group>"; };
		F65D5DF22516E7A7001FBDB7 /* MenterBookUITests.xctest */ = {isa = PBXFileReference; explicitFileType = wrapper.cfbundle; includeInIndex = 0; path = MenterBookUITests.xctest; sourceTree = BUILT_PRODUCTS_DIR; };
		F65D5DF62516E7A7001FBDB7 /* MenterBookUITests.swift */ = {isa = PBXFileReference; lastKnownFileType = sourcecode.swift; path = MenterBookUITests.swift; sourceTree = "<group>"; };
		F65D5DF82516E7A7001FBDB7 /* Info.plist */ = {isa = PBXFileReference; lastKnownFileType = text.plist.xml; path = Info.plist; sourceTree = "<group>"; };
/* End PBXFileReference section */

/* Begin PBXFrameworksBuildPhase section */
		F65D5DCE2516E7A4001FBDB7 /* Frameworks */ = {
			isa = PBXFrameworksBuildPhase;
			buildActionMask = 2147483647;
			files = (
			);
			runOnlyForDeploymentPostprocessing = 0;
		};
		F65D5DE42516E7A7001FBDB7 /* Frameworks */ = {
			isa = PBXFrameworksBuildPhase;
			buildActionMask = 2147483647;
			files = (
			);
			runOnlyForDeploymentPostprocessing = 0;
		};
		F65D5DEF2516E7A7001FBDB7 /* Frameworks */ = {
			isa = PBXFrameworksBuildPhase;
			buildActionMask = 2147483647;
			files = (
			);
			runOnlyForDeploymentPostprocessing = 0;
		};
/* End PBXFrameworksBuildPhase section */

/* Begin PBXGroup section */
		F65D5DC82516E7A4001FBDB7 = {
			isa = PBXGroup;
			children = (
				F65D5DD32516E7A4001FBDB7 /* MenterBook */,
				F65D5DEA2516E7A7001FBDB7 /* MenterBookTests */,
				F65D5DF52516E7A7001FBDB7 /* MenterBookUITests */,
				F65D5DD22516E7A4001FBDB7 /* Products */,
			);
			sourceTree = "<group>";
		};
		F65D5DD22516E7A4001FBDB7 /* Products */ = {
			isa = PBXGroup;
			children = (
				F65D5DD12516E7A4001FBDB7 /* MenterBook.app */,
				F65D5DE72516E7A7001FBDB7 /* MenterBookTests.xctest */,
				F65D5DF22516E7A7001FBDB7 /* MenterBookUITests.xctest */,
			);
			name = Products;
			sourceTree = "<group>";
		};
		F65D5DD32516E7A4001FBDB7 /* MenterBook */ = {
			isa = PBXGroup;
			children = (
				F65D5DD42516E7A4001FBDB7 /* AppDelegate.swift */,
				F65D5DD62516E7A4001FBDB7 /* SceneDelegate.swift */,
				F65D5DD82516E7A4001FBDB7 /* ViewController.swift */,
				F65D5DDA2516E7A4001FBDB7 /* Main.storyboard */,
				F65D5DDD2516E7A7001FBDB7 /* Assets.xcassets */,
				F65D5DDF2516E7A7001FBDB7 /* LaunchScreen.storyboard */,
				F65D5DE22516E7A7001FBDB7 /* Info.plist */,
			);
			path = MenterBook;
			sourceTree = "<group>";
		};
		F65D5DEA2516E7A7001FBDB7 /* MenterBookTests */ = {
			isa = PBXGroup;
			children = (
				F65D5DEB2516E7A7001FBDB7 /* MenterBookTests.swift */,
				F65D5DED2516E7A7001FBDB7 /* Info.plist */,
			);
			path = MenterBookTests;
			sourceTree = "<group>";
		};
		F65D5DF52516E7A7001FBDB7 /* MenterBookUITests */ = {
			isa = PBXGroup;
			children = (
				F65D5DF62516E7A7001FBDB7 /* MenterBookUITests.swift */,
				F65D5DF82516E7A7001FBDB7 /* Info.plist */,
			);
			path = MenterBookUITests;
			sourceTree = "<group>";
		};
/* End PBXGroup section */

/* Begin PBXNativeTarget section */
		F65D5DD02516E7A4001FBDB7 /* MenterBook */ = {
			isa = PBXNativeTarget;
			buildConfigurationList = F65D5DFB2516E7A7001FBDB7 /* Build configuration list for PBXNativeTarget "MenterBook" */;
			buildPhases = (
				F65D5DCD2516E7A4001FBDB7 /* Sources */,
				F65D5DCE2516E7A4001FBDB7 /* Frameworks */,
				F65D5DCF2516E7A4001FBDB7 /* Resources */,
			);
			buildRules = (
			);
			dependencies = (
			);
			name = MenterBook;
			productName = MenterBook;
			productReference = F65D5DD12516E7A4001FBDB7 /* MenterBook.app */;
			productType = "com.apple.product-type.application";
		};
		F65D5DE62516E7A7001FBDB7 /* MenterBookTests */ = {
			isa = PBXNativeTarget;
			buildConfigurationList = F65D5DFE2516E7A7001FBDB7 /* Build configuration list for PBXNativeTarget "MenterBookTests" */;
			buildPhases = (
				F65D5DE32516E7A7001FBDB7 /* Sources */,
				F65D5DE42516E7A7001FBDB7 /* Frameworks */,
				F65D5DE52516E7A7001FBDB7 /* Resources */,
			);
			buildRules = (
			);
			dependencies = (
				F65D5DE92516E7A7001FBDB7 /* PBXTargetDependency */,
			);
			name = MenterBookTests;
			productName = MenterBookTests;
			productReference = F65D5DE72516E7A7001FBDB7 /* MenterBookTests.xctest */;
			productType = "com.apple.product-type.bundle.unit-test";
		};
		F65D5DF12516E7A7001FBDB7 /* MenterBookUITests */ = {
			isa = PBXNativeTarget;
			buildConfigurationList = F65D5E012516E7A7001FBDB7 /* Build configuration list for PBXNativeTarget "MenterBookUITests" */;
			buildPhases = (
				F65D5DEE2516E7A7001FBDB7 /* Sources */,
				F65D5DEF2516E7A7001FBDB7 /* Frameworks */,
				F65D5DF02516E7A7001FBDB7 /* Resources */,
			);
			buildRules = (
			);
			dependencies = (
				F65D5DF42516E7A7001FBDB7 /* PBXTargetDependency */,
			);
			name = MenterBookUITests;
			productName = MenterBookUITests;
			productReference = F65D5DF22516E7A7001FBDB7 /* MenterBookUITests.xctest */;
			productType = "com.apple.product-type.bundle.ui-testing";
		};
/* End PBXNativeTarget section */

/* Begin PBXProject section */
		F65D5DC92516E7A4001FBDB7 /* Project object */ = {
			isa = PBXProject;
			attributes = {
				LastSwiftUpdateCheck = 1160;
				LastUpgradeCheck = 1160;
				ORGANIZATIONNAME = com.litech;
				TargetAttributes = {
					F65D5DD02516E7A4001FBDB7 = {
						CreatedOnToolsVersion = 11.6;
					};
					F65D5DE62516E7A7001FBDB7 = {
						CreatedOnToolsVersion = 11.6;
						TestTargetID = F65D5DD02516E7A4001FBDB7;
					};
					F65D5DF12516E7A7001FBDB7 = {
						CreatedOnToolsVersion = 11.6;
						TestTargetID = F65D5DD02516E7A4001FBDB7;
					};
				};
			};
			buildConfigurationList = F65D5DCC2516E7A4001FBDB7 /* Build configuration list for PBXProject "MenterBook" */;
			compatibilityVersion = "Xcode 9.3";
			developmentRegion = en;
			hasScannedForEncodings = 0;
			knownRegions = (
				en,
				Base,
			);
			mainGroup = F65D5DC82516E7A4001FBDB7;
			productRefGroup = F65D5DD22516E7A4001FBDB7 /* Products */;
			projectDirPath = "";
			projectRoot = "";
			targets = (
				F65D5DD02516E7A4001FBDB7 /* MenterBook */,
				F65D5DE62516E7A7001FBDB7 /* MenterBookTests */,
				F65D5DF12516E7A7001FBDB7 /* MenterBookUITests */,
			);
		};
/* End PBXProject section */

/* Begin PBXResourcesBuildPhase section */
		F65D5DCF2516E7A4001FBDB7 /* Resources */ = {
			isa = PBXResourcesBuildPhase;
			buildActionMask = 2147483647;
			files = (
				F65D5DE12516E7A7001FBDB7 /* LaunchScreen.storyboard in Resources */,
				F65D5DDE2516E7A7001FBDB7 /* Assets.xcassets in Resources */,
				F65D5DDC2516E7A4001FBDB7 /* Main.storyboard in Resources */,
			);
			runOnlyForDeploymentPostprocessing = 0;
		};
		F65D5DE52516E7A7001FBDB7 /* Resources */ = {
			isa = PBXResourcesBuildPhase;
			buildActionMask = 2147483647;
			files = (
			);
			runOnlyForDeploymentPostprocessing = 0;
		};
		F65D5DF02516E7A7001FBDB7 /* Resources */ = {
			isa = PBXResourcesBuildPhase;
			buildActionMask = 2147483647;
			files = (
			);
			runOnlyForDeploymentPostprocessing = 0;
		};
/* End PBXResourcesBuildPhase section */

/* Begin PBXSourcesBuildPhase section */
		F65D5DCD2516E7A4001FBDB7 /* Sources */ = {
			isa = PBXSourcesBuildPhase;
			buildActionMask = 2147483647;
			files = (
				F65D5DD92516E7A4001FBDB7 /* ViewController.swift in Sources */,
				F65D5DD52516E7A4001FBDB7 /* AppDelegate.swift in Sources */,
				F65D5DD72516E7A4001FBDB7 /* SceneDelegate.swift in Sources */,
			);
			runOnlyForDeploymentPostprocessing = 0;
		};
		F65D5DE32516E7A7001FBDB7 /* Sources */ = {
			isa = PBXSourcesBuildPhase;
			buildActionMask = 2147483647;
			files = (
				F65D5DEC2516E7A7001FBDB7 /* MenterBookTests.swift in Sources */,
			);
			runOnlyForDeploymentPostprocessing = 0;
		};
		F65D5DEE2516E7A7001FBDB7 /* Sources */ = {
			isa = PBXSourcesBuildPhase;
			buildActionMask = 2147483647;
			files = (
				F65D5DF72516E7A7001FBDB7 /* MenterBookUITests.swift in Sources */,
			);
			runOnlyForDeploymentPostprocessing = 0;
		};
/* End PBXSourcesBuildPhase section */

/* Begin PBXTargetDependency section */
		F65D5DE92516E7A7001FBDB7 /* PBXTargetDependency */ = {
			isa = PBXTargetDependency;
			target = F65D5DD02516E7A4001FBDB7 /* MenterBook */;
			targetProxy = F65D5DE82516E7A7001FBDB7 /* PBXContainerItemProxy */;
		};
		F65D5DF42516E7A7001FBDB7 /* PBXTargetDependency */ = {
			isa = PBXTargetDependency;
			target = F65D5DD02516E7A4001FBDB7 /* MenterBook */;
			targetProxy = F65D5DF32516E7A7001FBDB7 /* PBXContainerItemProxy */;
		};
/* End PBXTargetDependency section */

/* Begin PBXVariantGroup section */
		F65D5DDA2516E7A4001FBDB7 /* Main.storyboard */ = {
			isa = PBXVariantGroup;
			children = (
				F65D5DDB2516E7A4001FBDB7 /* Base */,
			);
			name = Main.storyboard;
			sourceTree = "<group>";
		};
		F65D5DDF2516E7A7001FBDB7 /* LaunchScreen.storyboard */ = {
			isa = PBXVariantGroup;
			children = (
				F65D5DE02516E7A7001FBDB7 /* Base */,
			);
			name = LaunchScreen.storyboard;
			sourceTree = "<group>";
		};
/* End PBXVariantGroup section */

/* Begin XCBuildConfiguration section */
		F65D5DF92516E7A7001FBDB7 /* Debug */ = {
			isa = XCBuildConfiguration;
			buildSettings = {
				ALWAYS_SEARCH_USER_PATHS = NO;
				CLANG_ANALYZER_NONNULL = YES;
				CLANG_ANALYZER_NUMBER_OBJECT_CONVERSION = YES_AGGRESSIVE;
				CLANG_CXX_LANGUAGE_STANDARD = "gnu++14";
				CLANG_CXX_LIBRARY = "libc++";
				CLANG_ENABLE_MODULES = YES;
				CLANG_ENABLE_OBJC_ARC = YES;
				CLANG_ENABLE_OBJC_WEAK = YES;
				CLANG_WARN_BLOCK_CAPTURE_AUTORELEASING = YES;
				CLANG_WARN_BOOL_CONVERSION = YES;
				CLANG_WARN_COMMA = YES;
				CLANG_WARN_CONSTANT_CONVERSION = YES;
				CLANG_WARN_DEPRECATED_OBJC_IMPLEMENTATIONS = YES;
				CLANG_WARN_DIRECT_OBJC_ISA_USAGE = YES_ERROR;
				CLANG_WARN_DOCUMENTATION_COMMENTS = YES;
				CLANG_WARN_EMPTY_BODY = YES;
				CLANG_WARN_ENUM_CONVERSION = YES;
				CLANG_WARN_INFINITE_RECURSION = YES;
				CLANG_WARN_INT_CONVERSION = YES;
				CLANG_WARN_NON_LITERAL_NULL_CONVERSION = YES;
				CLANG_WARN_OBJC_IMPLICIT_RETAIN_SELF = YES;
				CLANG_WARN_OBJC_LITERAL_CONVERSION = YES;
				CLANG_WARN_OBJC_ROOT_CLASS = YES_ERROR;
				CLANG_WARN_RANGE_LOOP_ANALYSIS = YES;
				CLANG_WARN_STRICT_PROTOTYPES = YES;
				CLANG_WARN_SUSPICIOUS_MOVE = YES;
				CLANG_WARN_UNGUARDED_AVAILABILITY = YES_AGGRESSIVE;
				CLANG_WARN_UNREACHABLE_CODE = YES;
				CLANG_WARN__DUPLICATE_METHOD_MATCH = YES;
				COPY_PHASE_STRIP = NO;
				DEBUG_INFORMATION_FORMAT = dwarf;
				ENABLE_STRICT_OBJC_MSGSEND = YES;
				ENABLE_TESTABILITY = YES;
				GCC_C_LANGUAGE_STANDARD = gnu11;
				GCC_DYNAMIC_NO_PIC = NO;
				GCC_NO_COMMON_BLOCKS = YES;
				GCC_OPTIMIZATION_LEVEL = 0;
				GCC_PREPROCESSOR_DEFINITIONS = (
					"DEBUG=1",
					"$(inherited)",
				);
				GCC_WARN_64_TO_32_BIT_CONVERSION = YES;
				GCC_WARN_ABOUT_RETURN_TYPE = YES_ERROR;
				GCC_WARN_UNDECLARED_SELECTOR = YES;
				GCC_WARN_UNINITIALIZED_AUTOS = YES_AGGRESSIVE;
				GCC_WARN_UNUSED_FUNCTION = YES;
				GCC_WARN_UNUSED_VARIABLE = YES;
				IPHONEOS_DEPLOYMENT_TARGET = 13.6;
				MTL_ENABLE_DEBUG_INFO = INCLUDE_SOURCE;
				MTL_FAST_MATH = YES;
				ONLY_ACTIVE_ARCH = YES;
				SDKROOT = iphoneos;
				SWIFT_ACTIVE_COMPILATION_CONDITIONS = DEBUG;
				SWIFT_OPTIMIZATION_LEVEL = "-Onone";
			};
			name = Debug;
		};
		F65D5DFA2516E7A7001FBDB7 /* Release */ = {
			isa = XCBuildConfiguration;
			buildSettings = {
				ALWAYS_SEARCH_USER_PATHS = NO;
				CLANG_ANALYZER_NONNULL = YES;
				CLANG_ANALYZER_NUMBER_OBJECT_CONVERSION = YES_AGGRESSIVE;
				CLANG_CXX_LANGUAGE_STANDARD = "gnu++14";
				CLANG_CXX_LIBRARY = "libc++";
				CLANG_ENABLE_MODULES = YES;
				CLANG_ENABLE_OBJC_ARC = YES;
				CLANG_ENABLE_OBJC_WEAK = YES;
				CLANG_WARN_BLOCK_CAPTURE_AUTORELEASING = YES;
				CLANG_WARN_BOOL_CONVERSION = YES;
				CLANG_WARN_COMMA = YES;
				CLANG_WARN_CONSTANT_CONVERSION = YES;
				CLANG_WARN_DEPRECATED_OBJC_IMPLEMENTATIONS = YES;
				CLANG_WARN_DIRECT_OBJC_ISA_USAGE = YES_ERROR;
				CLANG_WARN_DOCUMENTATION_COMMENTS = YES;
				CLANG_WARN_EMPTY_BODY = YES;
				CLANG_WARN_ENUM_CONVERSION = YES;
				CLANG_WARN_INFINITE_RECURSION = YES;
				CLANG_WARN_INT_CONVERSION = YES;
				CLANG_WARN_NON_LITERAL_NULL_CONVERSION = YES;
				CLANG_WARN_OBJC_IMPLICIT_RETAIN_SELF = YES;
				CLANG_WARN_OBJC_LITERAL_CONVERSION = YES;
				CLANG_WARN_OBJC_ROOT_CLASS = YES_ERROR;
				CLANG_WARN_RANGE_LOOP_ANALYSIS = YES;
				CLANG_WARN_STRICT_PROTOTYPES = YES;
				CLANG_WARN_SUSPICIOUS_MOVE = YES;
				CLANG_WARN_UNGUARDED_AVAILABILITY = YES_AGGRESSIVE;
				CLANG_WARN_UNREACHABLE_CODE = YES;
				CLANG_WARN__DUPLICATE_METHOD_MATCH = YES;
				COPY_PHASE_STRIP = NO;
				DEBUG_INFORMATION_FORMAT = "dwarf-with-dsym";
				ENABLE_NS_ASSERTIONS = NO;
				ENABLE_STRICT_OBJC_MSGSEND = YES;
				GCC_C_LANGUAGE_STANDARD = gnu11;
				GCC_NO_COMMON_BLOCKS = YES;
				GCC_WARN_64_TO_32_BIT_CONVERSION = YES;
				GCC_WARN_ABOUT_RETURN_TYPE = YES_ERROR;
				GCC_WARN_UNDECLARED_SELECTOR = YES;
				GCC_WARN_UNINITIALIZED_AUTOS = YES_AGGRESSIVE;
				GCC_WARN_UNUSED_FUNCTION = YES;
				GCC_WARN_UNUSED_VARIABLE = YES;
				IPHONEOS_DEPLOYMENT_TARGET = 13.6;
				MTL_ENABLE_DEBUG_INFO = NO;
				MTL_FAST_MATH = YES;
				SDKROOT = iphoneos;
				SWIFT_COMPILATION_MODE = wholemodule;
				SWIFT_OPTIMIZATION_LEVEL = "-O";
				VALIDATE_PRODUCT = YES;
			};
			name = Release;
		};
		F65D5DFC2516E7A7001FBDB7 /* Debug */ = {
			isa = XCBuildConfiguration;
			buildSettings = {
				ASSETCATALOG_COMPILER_APPICON_NAME = AppIcon;
				CODE_SIGN_STYLE = Automatic;
				DEVELOPMENT_TEAM = B7QT8ZD8YA;
				INFOPLIST_FILE = MenterBook/Info.plist;
				LD_RUNPATH_SEARCH_PATHS = (
					"$(inherited)",
					"@executable_path/Frameworks",
				);
				PRODUCT_BUNDLE_IDENTIFIER = app.takahashi.sir.MenterBook;
				PRODUCT_NAME = "$(TARGET_NAME)";
				SWIFT_VERSION = 5.0;
				TARGETED_DEVICE_FAMILY = "1,2";
			};
			name = Debug;
		};
		F65D5DFD2516E7A7001FBDB7 /* Release */ = {
			isa = XCBuildConfiguration;
			buildSettings = {
				ASSETCATALOG_COMPILER_APPICON_NAME = AppIcon;
				CODE_SIGN_STYLE = Automatic;
				DEVELOPMENT_TEAM = B7QT8ZD8YA;
				INFOPLIST_FILE = MenterBook/Info.plist;
				LD_RUNPATH_SEARCH_PATHS = (
					"$(inherited)",
					"@executable_path/Frameworks",
				);
				PRODUCT_BUNDLE_IDENTIFIER = app.takahashi.sir.MenterBook;
				PRODUCT_NAME = "$(TARGET_NAME)";
				SWIFT_VERSION = 5.0;
				TARGETED_DEVICE_FAMILY = "1,2";
			};
			name = Release;
		};
		F65D5DFF2516E7A7001FBDB7 /* Debug */ = {
			isa = XCBuildConfiguration;
			buildSettings = {
				ALWAYS_EMBED_SWIFT_STANDARD_LIBRARIES = YES;
				BUNDLE_LOADER = "$(TEST_HOST)";
				CODE_SIGN_STYLE = Automatic;
				DEVELOPMENT_TEAM = B7QT8ZD8YA;
				INFOPLIST_FILE = MenterBookTests/Info.plist;
				IPHONEOS_DEPLOYMENT_TARGET = 13.6;
				LD_RUNPATH_SEARCH_PATHS = (
					"$(inherited)",
					"@executable_path/Frameworks",
					"@loader_path/Frameworks",
				);
				PRODUCT_BUNDLE_IDENTIFIER = app.takahashi.sir.MenterBookTests;
				PRODUCT_NAME = "$(TARGET_NAME)";
				SWIFT_VERSION = 5.0;
				TARGETED_DEVICE_FAMILY = "1,2";
				TEST_HOST = "$(BUILT_PRODUCTS_DIR)/MenterBook.app/MenterBook";
			};
			name = Debug;
		};
		F65D5E002516E7A7001FBDB7 /* Release */ = {
			isa = XCBuildConfiguration;
			buildSettings = {
				ALWAYS_EMBED_SWIFT_STANDARD_LIBRARIES = YES;
				BUNDLE_LOADER = "$(TEST_HOST)";
				CODE_SIGN_STYLE = Automatic;
				DEVELOPMENT_TEAM = B7QT8ZD8YA;
				INFOPLIST_FILE = MenterBookTests/Info.plist;
				IPHONEOS_DEPLOYMENT_TARGET = 13.6;
				LD_RUNPATH_SEARCH_PATHS = (
					"$(inherited)",
					"@executable_path/Frameworks",
					"@loader_path/Frameworks",
				);
				PRODUCT_BUNDLE_IDENTIFIER = app.takahashi.sir.MenterBookTests;
				PRODUCT_NAME = "$(TARGET_NAME)";
				SWIFT_VERSION = 5.0;
				TARGETED_DEVICE_FAMILY = "1,2";
				TEST_HOST = "$(BUILT_PRODUCTS_DIR)/MenterBook.app/MenterBook";
			};
			name = Release;
		};
		F65D5E022516E7A7001FBDB7 /* Debug */ = {
			isa = XCBuildConfiguration;
			buildSettings = {
				ALWAYS_EMBED_SWIFT_STANDARD_LIBRARIES = YES;
				CODE_SIGN_STYLE = Automatic;
				DEVELOPMENT_TEAM = B7QT8ZD8YA;
				INFOPLIST_FILE = MenterBookUITests/Info.plist;
				LD_RUNPATH_SEARCH_PATHS = (
					"$(inherited)",
					"@executable_path/Frameworks",
					"@loader_path/Frameworks",
				);
				PRODUCT_BUNDLE_IDENTIFIER = app.takahashi.sir.MenterBookUITests;
				PRODUCT_NAME = "$(TARGET_NAME)";
				SWIFT_VERSION = 5.0;
				TARGETED_DEVICE_FAMILY = "1,2";
				TEST_TARGET_NAME = MenterBook;
			};
			name = Debug;
		};
		F65D5E032516E7A7001FBDB7 /* Release */ = {
			isa = XCBuildConfiguration;
			buildSettings = {
				ALWAYS_EMBED_SWIFT_STANDARD_LIBRARIES = YES;
				CODE_SIGN_STYLE = Automatic;
				DEVELOPMENT_TEAM = B7QT8ZD8YA;
				INFOPLIST_FILE = MenterBookUITests/Info.plist;
				LD_RUNPATH_SEARCH_PATHS = (
					"$(inherited)",
					"@executable_path/Frameworks",
					"@loader_path/Frameworks",
				);
				PRODUCT_BUNDLE_IDENTIFIER = app.takahashi.sir.MenterBookUITests;
				PRODUCT_NAME = "$(TARGET_NAME)";
				SWIFT_VERSION = 5.0;
				TARGETED_DEVICE_FAMILY = "1,2";
				TEST_TARGET_NAME = MenterBook;
			};
			name = Release;
		};
/* End XCBuildConfiguration section */

/* Begin XCConfigurationList section */
		F65D5DCC2516E7A4001FBDB7 /* Build configuration list for PBXProject "MenterBook" */ = {
			isa = XCConfigurationList;
			buildConfigurations = (
				F65D5DF92516E7A7001FBDB7 /* Debug */,
				F65D5DFA2516E7A7001FBDB7 /* Release */,
			);
			defaultConfigurationIsVisible = 0;
			defaultConfigurationName = Release;
		};
		F65D5DFB2516E7A7001FBDB7 /* Build configuration list for PBXNativeTarget "MenterBook" */ = {
			isa = XCConfigurationList;
			buildConfigurations = (
				F65D5DFC2516E7A7001FBDB7 /* Debug */,
				F65D5DFD2516E7A7001FBDB7 /* Release */,
			);
			defaultConfigurationIsVisible = 0;
			defaultConfigurationName = Release;
		};
		F65D5DFE2516E7A7001FBDB7 /* Build configuration list for PBXNativeTarget "MenterBookTests" */ = {
			isa = XCConfigurationList;
			buildConfigurations = (
				F65D5DFF2516E7A7001FBDB7 /* Debug */,
				F65D5E002516E7A7001FBDB7 /* Release */,
			);
			defaultConfigurationIsVisible = 0;
			defaultConfigurationName = Release;
		};
		F65D5E012516E7A7001FBDB7 /* Build configuration list for PBXNativeTarget "MenterBookUITests" */ = {
			isa = XCConfigurationList;
			buildConfigurations = (
				F65D5E022516E7A7001FBDB7 /* Debug */,
				F65D5E032516E7A7001FBDB7 /* Release */,
			);
			defaultConfigurationIsVisible = 0;
			defaultConfigurationName = Release;
		};
/* End XCConfigurationList section */
	};
	rootObject = F65D5DC92516E7A4001FBDB7 /* Project object */;
}
